{
    "_meta": {
        "hash": {
            "sha256": "a571842bec3befdafb4ae284fb46381461e63d7523c5f1440bcf0c4a1f6eb4a3"
        },
        "pipfile-spec": 6,
        "requires": {
            "python_version": "3.7"
        },
        "sources": [
            {
                "name": "pypi",
                "url": "https://pypi.org/simple",
                "verify_ssl": true
            }
        ]
    },
    "default": {
        "e1839a8": {
            "path": "."
        }
    },
    "develop": {}
}
